
Microsoft Visual Studio Solution File, Format Version 12.00
# Visual Studio Version 16
VisualStudioVersion = 16.0.29503.13
MinimumVisualStudioVersion = 10.0.40219.1
Project("{FAE04EC0-301F-11D3-BF4B-00C04F79EFBC}") = "DerekLeyInventory968", "DerekLeyInventory968.csproj", "{AAEF5849-6E4D-479A-B841-E74AC7243004}"
EndProject
Global
	GlobalSection(SolutionConfigurationPlatforms) = preSolution
		Debug|Any CPU = Debug|Any CPU
		Release|Any CPU = Release|Any CPU
	EndGlobalSection
	GlobalSection(ProjectConfigurationPlatforms) = postSolution
		{AAEF5849-6E4D-479A-B841-E74AC7243004}.Debug|Any CPU.ActiveCfg = Debug|Any CPU
		{AAEF5849-6E4D-479A-B841-E74AC7243004}.Debug|Any CPU.Build.0 = Debug|Any CPU
		{AAEF5849-6E4D-479A-B841-E74AC7243004}.Release|Any CPU.ActiveCfg = Release|Any CPU
		{AAEF5849-6E4D-479A-B841-E74AC7243004}.Release|Any CPU.Build.0 = Release|Any CPU
	EndGlobalSection
	GlobalSection(SolutionProperties) = preSolution
		HideSolutionNode = FALSE
	EndGlobalSection
	GlobalSection(ExtensibilityGlobals) = postSolution
		SolutionGuid = {A9339E3A-3BDE-4A7E-BBBB-FD3295BEDEDD}
	EndGlobalSection
EndGlobal
